
Microsoft Visual Studio Solution File, Format Version 12.00
# Visual Studio 15
VisualStudioVersion = 15.0.28307.438
MinimumVisualStudioVersion = 10.0.40219.1
Project("{FAE04EC0-301F-11D3-BF4B-00C04F79EFBC}") = "Compiler", "Compiler\Compiler.csproj", "{246EC0E8-2606-4F8C-8BBA-378FFDE245D5}"
EndProject
Project("{FAE04EC0-301F-11D3-BF4B-00C04F79EFBC}") = "WinFrm", "WinFrm\WinFrm.csproj", "{37B80B1E-27D2-463F-9737-1023A2123D5E}"
EndProject
Project("{54435603-DBB4-11D2-8724-00A0C9A8B90C}") = "setup", "setup\setup.vdproj", "{297D6BB8-AD65-4B24-9CE6-70735AD27CB7}"
EndProject
Project("{FAE04EC0-301F-11D3-BF4B-00C04F79EFBC}") = "Application", "Application\Application.csproj", "{D481FCA2-3EDB-49F8-B07C-0827BB3C100C}"
EndProject
Global
	GlobalSection(SolutionConfigurationPlatforms) = preSolution
		Debug|Any CPU = Debug|Any CPU
		Release|Any CPU = Release|Any CPU
	EndGlobalSection
	GlobalSection(ProjectConfigurationPlatforms) = postSolution
		{246EC0E8-2606-4F8C-8BBA-378FFDE245D5}.Debug|Any CPU.ActiveCfg = Debug|Any CPU
		{246EC0E8-2606-4F8C-8BBA-378FFDE245D5}.Debug|Any CPU.Build.0 = Debug|Any CPU
		{246EC0E8-2606-4F8C-8BBA-378FFDE245D5}.Release|Any CPU.ActiveCfg = Release|Any CPU
		{246EC0E8-2606-4F8C-8BBA-378FFDE245D5}.Release|Any CPU.Build.0 = Release|Any CPU
		{37B80B1E-27D2-463F-9737-1023A2123D5E}.Debug|Any CPU.ActiveCfg = Debug|Any CPU
		{37B80B1E-27D2-463F-9737-1023A2123D5E}.Debug|Any CPU.Build.0 = Debug|Any CPU
		{37B80B1E-27D2-463F-9737-1023A2123D5E}.Release|Any CPU.ActiveCfg = Release|Any CPU
		{37B80B1E-27D2-463F-9737-1023A2123D5E}.Release|Any CPU.Build.0 = Release|Any CPU
		{297D6BB8-AD65-4B24-9CE6-70735AD27CB7}.Debug|Any CPU.ActiveCfg = Debug
		{297D6BB8-AD65-4B24-9CE6-70735AD27CB7}.Release|Any CPU.ActiveCfg = Release
		{D481FCA2-3EDB-49F8-B07C-0827BB3C100C}.Debug|Any CPU.ActiveCfg = Debug|Any CPU
		{D481FCA2-3EDB-49F8-B07C-0827BB3C100C}.Debug|Any CPU.Build.0 = Debug|Any CPU
		{D481FCA2-3EDB-49F8-B07C-0827BB3C100C}.Debug|Any CPU.Deploy.0 = Debug|Any CPU
		{D481FCA2-3EDB-49F8-B07C-0827BB3C100C}.Release|Any CPU.ActiveCfg = Release|Any CPU
		{D481FCA2-3EDB-49F8-B07C-0827BB3C100C}.Release|Any CPU.Build.0 = Release|Any CPU
		{D481FCA2-3EDB-49F8-B07C-0827BB3C100C}.Release|Any CPU.Deploy.0 = Release|Any CPU
	EndGlobalSection
	GlobalSection(SolutionProperties) = preSolution
		HideSolutionNode = FALSE
	EndGlobalSection
	GlobalSection(ExtensibilityGlobals) = postSolution
		SolutionGuid = {99645433-7511-48D5-B91B-51CB7B2B6538}
	EndGlobalSection
EndGlobal
